{
  "nodes": {
    "boluo-server": {
      "inputs": {
        "naersk": "naersk",
        "nixpkgs": [
          "nixpkgs"
        ],
        "rust-overlay": "rust-overlay",
        "utils": "utils"
      },
      "locked": {
        "lastModified": 1633472864,
        "narHash": "sha256-4avsIDMlnh50qM0s0fR0u1FILPo1axEpqvhtPae4Nss=",
        "owner": "mythal",
        "repo": "boluo-server",
        "rev": "2e57323cea587e5b01e101ff24f2ba249479d8e7",
        "type": "github"
      },
      "original": {
        "owner": "mythal",
        "repo": "boluo-server",
        "type": "github"
      }
    },
    "darwin": {
      "inputs": {
        "nixpkgs": [
          "nixpkgs"
        ]
      },
      "locked": {
        "lastModified": 1631730143,
        "narHash": "sha256-A8PaUyZu5WVp+IojG5q+39rjf5x57OFDYmVoDFPZLlY=",
        "owner": "lnl7",
        "repo": "nix-darwin",
        "rev": "e1a3f7292f085fd588d11f94ed0f47968c16df0c",
        "type": "github"
      },
      "original": {
        "owner": "lnl7",
        "ref": "master",
        "repo": "nix-darwin",
        "type": "github"
      }
    },
    "deploy-rs": {
      "inputs": {
        "flake-compat": "flake-compat",
        "nixpkgs": [
          "nixpkgs"
        ],
        "utils": "utils_2"
      },
      "locked": {
        "lastModified": 1632822684,
        "narHash": "sha256-lt7eayYmgsD5OQwpb1XYfHpxttn43bWo7G7hIJs+zJw=",
        "owner": "serokell",
        "repo": "deploy-rs",
        "rev": "9a02de4373e0ec272d08a417b269a28ac8b961b4",
        "type": "github"
      },
      "original": {
        "owner": "serokell",
        "repo": "deploy-rs",
        "type": "github"
      }
    },
    "flake-compat": {
      "flake": false,
      "locked": {
        "lastModified": 1627913399,
        "narHash": "sha256-hY8g6H2KFL8ownSiFeMOjwPC8P0ueXpCVEbxgda3pko=",
        "owner": "edolstra",
        "repo": "flake-compat",
        "rev": "12c64ca55c1014cdc1b16ed5a804aa8576601ff2",
        "type": "github"
      },
      "original": {
        "owner": "edolstra",
        "repo": "flake-compat",
        "type": "github"
      }
    },
    "flake-utils": {
      "locked": {
        "lastModified": 1623875721,
        "narHash": "sha256-A8BU7bjS5GirpAUv4QA+QnJ4CceLHkcXdRp4xITDB0s=",
        "owner": "numtide",
        "repo": "flake-utils",
        "rev": "f7e004a55b120c02ecb6219596820fcd32ca8772",
        "type": "github"
      },
      "original": {
        "owner": "numtide",
        "repo": "flake-utils",
        "type": "github"
      }
    },
    "flake-utils_2": {
      "locked": {
        "lastModified": 1623875721,
        "narHash": "sha256-A8BU7bjS5GirpAUv4QA+QnJ4CceLHkcXdRp4xITDB0s=",
        "owner": "numtide",
        "repo": "flake-utils",
        "rev": "f7e004a55b120c02ecb6219596820fcd32ca8772",
        "type": "github"
      },
      "original": {
        "owner": "numtide",
        "repo": "flake-utils",
        "type": "github"
      }
    },
    "home-manager": {
      "inputs": {
        "nixpkgs": [
          "nixpkgs"
        ]
      },
      "locked": {
        "lastModified": 1633470532,
        "narHash": "sha256-Eif0rOv/q7zegkrejPMMzLk3nk8t7y5iw92hQDz3mgI=",
        "owner": "nix-community",
        "repo": "home-manager",
        "rev": "af2007bb7772c6f17f4924639f2eb8a321d74fb4",
        "type": "github"
      },
      "original": {
        "owner": "nix-community",
        "repo": "home-manager",
        "type": "github"
      }
    },
    "minecraft-telegram-bot": {
      "inputs": {
        "nixpkgs": [
          "nixpkgs"
        ],
        "utils": "utils_3"
      },
      "locked": {
        "lastModified": 1632900342,
        "narHash": "sha256-ga55cPemwWJY2OhZ3LUMTZEOnzywmpZqfZKuMjSEtB0=",
        "owner": "uonr",
        "repo": "minecraft-telegram-bot",
        "rev": "5b1cc2f9e64ce651820892a6da080acea3ef90dc",
        "type": "github"
      },
      "original": {
        "owner": "uonr",
        "repo": "minecraft-telegram-bot",
        "type": "github"
      }
    },
    "naersk": {
      "inputs": {
        "nixpkgs": "nixpkgs"
      },
      "locked": {
        "lastModified": 1632266297,
        "narHash": "sha256-J1yeJk6Gud9ef2pEf6aKQemrfg1pVngYDSh+SAY94xk=",
        "owner": "nmattia",
        "repo": "naersk",
        "rev": "ee7edec50b49ab6d69b06d62f1de554efccb1ccd",
        "type": "github"
      },
      "original": {
        "owner": "nmattia",
        "repo": "naersk",
        "type": "github"
      }
    },
    "nixpkgs": {
      "locked": {
        "lastModified": 1633470556,
        "narHash": "sha256-ZD3rC1umoHUpIyThuF4f0D+sHuS+cxVVxBl0a7ZVgHk=",
        "owner": "NixOS",
        "repo": "nixpkgs",
        "rev": "63c7683761b4e63d1f106fdfb6888e7b61310943",
        "type": "github"
      },
      "original": {
        "id": "nixpkgs",
        "type": "indirect"
      }
    },
    "nixpkgs_2": {
      "locked": {
        "lastModified": 1628186154,
        "narHash": "sha256-r2d0wvywFnL9z4iptztdFMhaUIAaGzrSs7kSok0PgmE=",
        "owner": "NixOS",
        "repo": "nixpkgs",
        "rev": "06552b72346632b6943c8032e57e702ea12413bf",
        "type": "github"
      },
      "original": {
        "owner": "NixOS",
        "repo": "nixpkgs",
        "type": "github"
      }
    },
    "nixpkgs_3": {
      "locked": {
        "lastModified": 1633351077,
        "narHash": "sha256-z38JG4Bb0GtM1aF1pANVdp1dniMP23Yb3HnRoJRy2uU=",
        "owner": "nixos",
        "repo": "nixpkgs",
        "rev": "14aef06d9b3ad1d07626bdbb16083b83f92dc6c1",
        "type": "github"
      },
      "original": {
        "owner": "nixos",
        "ref": "nixos-unstable",
        "repo": "nixpkgs",
        "type": "github"
      }
    },
    "nixpkgs_4": {
      "locked": {
        "lastModified": 1628186154,
        "narHash": "sha256-r2d0wvywFnL9z4iptztdFMhaUIAaGzrSs7kSok0PgmE=",
        "owner": "NixOS",
        "repo": "nixpkgs",
        "rev": "06552b72346632b6943c8032e57e702ea12413bf",
        "type": "github"
      },
      "original": {
        "owner": "NixOS",
        "repo": "nixpkgs",
        "type": "github"
      }
    },
    "root": {
      "inputs": {
        "boluo-server": "boluo-server",
        "darwin": "darwin",
        "deploy-rs": "deploy-rs",
        "home-manager": "home-manager",
        "minecraft-telegram-bot": "minecraft-telegram-bot",
        "nixpkgs": "nixpkgs_3",
        "rust-overlay": "rust-overlay_2",
        "sops-nix": "sops-nix",
        "telegram-dice-bot": "telegram-dice-bot"
      }
    },
    "rust-overlay": {
      "inputs": {
        "flake-utils": "flake-utils",
        "nixpkgs": "nixpkgs_2"
      },
      "locked": {
        "lastModified": 1633400100,
        "narHash": "sha256-kHQV7jZ2vVHVI9sfda1mUROVBbQbdfKcbIpKG9WdqGo=",
        "owner": "oxalica",
        "repo": "rust-overlay",
        "rev": "9c2fc6a62ccbc6f420d71ecac6bf0b84dbbee64f",
        "type": "github"
      },
      "original": {
        "owner": "oxalica",
        "repo": "rust-overlay",
        "type": "github"
      }
    },
    "rust-overlay_2": {
      "inputs": {
        "flake-utils": "flake-utils_2",
        "nixpkgs": "nixpkgs_4"
      },
      "locked": {
        "lastModified": 1633400100,
        "narHash": "sha256-kHQV7jZ2vVHVI9sfda1mUROVBbQbdfKcbIpKG9WdqGo=",
        "owner": "oxalica",
        "repo": "rust-overlay",
        "rev": "9c2fc6a62ccbc6f420d71ecac6bf0b84dbbee64f",
        "type": "github"
      },
      "original": {
        "owner": "oxalica",
        "repo": "rust-overlay",
        "type": "github"
      }
    },
    "sops-nix": {
      "inputs": {
        "nixpkgs": [
          "nixpkgs"
        ]
      },
      "locked": {
        "lastModified": 1633273832,
        "narHash": "sha256-oOjpMVYpkIUpiML61PeqTk+sg4juRvF7P6jroI/YvTw=",
        "owner": "Mic92",
        "repo": "sops-nix",
        "rev": "2e86e1698d53e5bd71d9de5f8b7e8f2f5458633c",
        "type": "github"
      },
      "original": {
        "owner": "Mic92",
        "repo": "sops-nix",
        "type": "github"
      }
    },
    "telegram-dice-bot": {
      "inputs": {
        "nixpkgs": [
          "nixpkgs"
        ],
        "utils": "utils_4"
      },
      "locked": {
        "lastModified": 1632891349,
        "narHash": "sha256-iOUcDVA/3zvWYdDP7ETP1enKXuXkGnrrSAA3oHEL38g=",
        "owner": "mythal",
        "repo": "telegram-dice-bot",
        "rev": "80440cab945a8165a4339a9c653b4f892d39f19e",
        "type": "github"
      },
      "original": {
        "owner": "mythal",
        "repo": "telegram-dice-bot",
        "type": "github"
      }
    },
    "utils": {
      "locked": {
        "lastModified": 1631561581,
        "narHash": "sha256-3VQMV5zvxaVLvqqUrNz3iJelLw30mIVSfZmAaauM3dA=",
        "owner": "numtide",
        "repo": "flake-utils",
        "rev": "7e5bf3925f6fbdfaf50a2a7ca0be2879c4261d19",
        "type": "github"
      },
      "original": {
        "owner": "numtide",
        "repo": "flake-utils",
        "type": "github"
      }
    },
    "utils_2": {
      "locked": {
        "lastModified": 1631561581,
        "narHash": "sha256-3VQMV5zvxaVLvqqUrNz3iJelLw30mIVSfZmAaauM3dA=",
        "owner": "numtide",
        "repo": "flake-utils",
        "rev": "7e5bf3925f6fbdfaf50a2a7ca0be2879c4261d19",
        "type": "github"
      },
      "original": {
        "owner": "numtide",
        "repo": "flake-utils",
        "type": "github"
      }
    },
    "utils_3": {
      "locked": {
        "lastModified": 1623875721,
        "narHash": "sha256-A8BU7bjS5GirpAUv4QA+QnJ4CceLHkcXdRp4xITDB0s=",
        "owner": "numtide",
        "repo": "flake-utils",
        "rev": "f7e004a55b120c02ecb6219596820fcd32ca8772",
        "type": "github"
      },
      "original": {
        "owner": "numtide",
        "repo": "flake-utils",
        "type": "github"
      }
    },
    "utils_4": {
      "locked": {
        "lastModified": 1631561581,
        "narHash": "sha256-3VQMV5zvxaVLvqqUrNz3iJelLw30mIVSfZmAaauM3dA=",
        "owner": "numtide",
        "repo": "flake-utils",
        "rev": "7e5bf3925f6fbdfaf50a2a7ca0be2879c4261d19",
        "type": "github"
      },
      "original": {
        "owner": "numtide",
        "repo": "flake-utils",
        "type": "github"
      }
    }
  },
  "root": "root",
  "version": 7
}
